
Microsoft Visual Studio Solution File, Format Version 12.00
# Visual Studio Version 17
VisualStudioVersion = 17.1.32319.34
MinimumVisualStudioVersion = 10.0.40219.1
Project("{FAE04EC0-301F-11D3-BF4B-00C04F79EFBC}") = "validacion de formulario.UWP", "validacion de formulario\validacion de formulario.UWP\validacion de formulario.UWP.csproj", "{6D91F0FE-C105-4F7B-914E-16B807D6D8BA}"
EndProject
Project("{FAE04EC0-301F-11D3-BF4B-00C04F79EFBC}") = "validacion de formulario.Android", "validacion de formulario\validacion de formulario.Android\validacion de formulario.Android.csproj", "{80EC3503-E36E-4714-90F0-7E8A1DAB7221}"
EndProject
Project("{FAE04EC0-301F-11D3-BF4B-00C04F79EFBC}") = "validacion de formulario.iOS", "validacion de formulario\validacion de formulario.iOS\validacion de formulario.iOS.csproj", "{D585AFD0-365A-40A0-ABA8-EA471C69CBFF}"
EndProject
Project("{FAE04EC0-301F-11D3-BF4B-00C04F79EFBC}") = "validacion de formulario", "validacion de formulario\validacion de formulario\validacion de formulario.csproj", "{9960A240-CC3F-4972-A662-EEFB86362DFD}"
EndProject
Global
	GlobalSection(SolutionConfigurationPlatforms) = preSolution
		Debug|Any CPU = Debug|Any CPU
		Debug|ARM = Debug|ARM
		Debug|iPhone = Debug|iPhone
		Debug|iPhoneSimulator = Debug|iPhoneSimulator
		Debug|x64 = Debug|x64
		Debug|x86 = Debug|x86
		Release|Any CPU = Release|Any CPU
		Release|ARM = Release|ARM
		Release|iPhone = Release|iPhone
		Release|iPhoneSimulator = Release|iPhoneSimulator
		Release|x64 = Release|x64
		Release|x86 = Release|x86
	EndGlobalSection
	GlobalSection(ProjectConfigurationPlatforms) = postSolution
		{6D91F0FE-C105-4F7B-914E-16B807D6D8BA}.Debug|Any CPU.ActiveCfg = Debug|x64
		{6D91F0FE-C105-4F7B-914E-16B807D6D8BA}.Debug|Any CPU.Build.0 = Debug|x64
		{6D91F0FE-C105-4F7B-914E-16B807D6D8BA}.Debug|Any CPU.Deploy.0 = Debug|x64
		{6D91F0FE-C105-4F7B-914E-16B807D6D8BA}.Debug|ARM.ActiveCfg = Debug|ARM
		{6D91F0FE-C105-4F7B-914E-16B807D6D8BA}.Debug|ARM.Build.0 = Debug|ARM
		{6D91F0FE-C105-4F7B-914E-16B807D6D8BA}.Debug|ARM.Deploy.0 = Debug|ARM
		{6D91F0FE-C105-4F7B-914E-16B807D6D8BA}.Debug|iPhone.ActiveCfg = Debug|x64
		{6D91F0FE-C105-4F7B-914E-16B807D6D8BA}.Debug|iPhone.Build.0 = Debug|x64
		{6D91F0FE-C105-4F7B-914E-16B807D6D8BA}.Debug|iPhone.Deploy.0 = Debug|x64
		{6D91F0FE-C105-4F7B-914E-16B807D6D8BA}.Debug|iPhoneSimulator.ActiveCfg = Debug|x64
		{6D91F0FE-C105-4F7B-914E-16B807D6D8BA}.Debug|iPhoneSimulator.Build.0 = Debug|x64
		{6D91F0FE-C105-4F7B-914E-16B807D6D8BA}.Debug|iPhoneSimulator.Deploy.0 = Debug|x64
		{6D91F0FE-C105-4F7B-914E-16B807D6D8BA}.Debug|x64.ActiveCfg = Debug|x64
		{6D91F0FE-C105-4F7B-914E-16B807D6D8BA}.Debug|x64.Build.0 = Debug|x64
		{6D91F0FE-C105-4F7B-914E-16B807D6D8BA}.Debug|x64.Deploy.0 = Debug|x64
		{6D91F0FE-C105-4F7B-914E-16B807D6D8BA}.Debug|x86.ActiveCfg = Debug|x86
		{6D91F0FE-C105-4F7B-914E-16B807D6D8BA}.Debug|x86.Build.0 = Debug|x86
		{6D91F0FE-C105-4F7B-914E-16B807D6D8BA}.Debug|x86.Deploy.0 = Debug|x86
		{6D91F0FE-C105-4F7B-914E-16B807D6D8BA}.Release|Any CPU.ActiveCfg = Release|x64
		{6D91F0FE-C105-4F7B-914E-16B807D6D8BA}.Release|Any CPU.Build.0 = Release|x64
		{6D91F0FE-C105-4F7B-914E-16B807D6D8BA}.Release|Any CPU.Deploy.0 = Release|x64
		{6D91F0FE-C105-4F7B-914E-16B807D6D8BA}.Release|ARM.ActiveCfg = Release|ARM
		{6D91F0FE-C105-4F7B-914E-16B807D6D8BA}.Release|ARM.Build.0 = Release|ARM
		{6D91F0FE-C105-4F7B-914E-16B807D6D8BA}.Release|ARM.Deploy.0 = Release|ARM
		{6D91F0FE-C105-4F7B-914E-16B807D6D8BA}.Release|iPhone.ActiveCfg = Release|x64
		{6D91F0FE-C105-4F7B-914E-16B807D6D8BA}.Release|iPhone.Build.0 = Release|x64
		{6D91F0FE-C105-4F7B-914E-16B807D6D8BA}.Release|iPhone.Deploy.0 = Release|x64
		{6D91F0FE-C105-4F7B-914E-16B807D6D8BA}.Release|iPhoneSimulator.ActiveCfg = Release|x64
		{6D91F0FE-C105-4F7B-914E-16B807D6D8BA}.Release|iPhoneSimulator.Build.0 = Release|x64
		{6D91F0FE-C105-4F7B-914E-16B807D6D8BA}.Release|iPhoneSimulator.Deploy.0 = Release|x64
		{6D91F0FE-C105-4F7B-914E-16B807D6D8BA}.Release|x64.ActiveCfg = Release|x64
		{6D91F0FE-C105-4F7B-914E-16B807D6D8BA}.Release|x64.Build.0 = Release|x64
		{6D91F0FE-C105-4F7B-914E-16B807D6D8BA}.Release|x64.Deploy.0 = Release|x64
		{6D91F0FE-C105-4F7B-914E-16B807D6D8BA}.Release|x86.ActiveCfg = Release|x86
		{6D91F0FE-C105-4F7B-914E-16B807D6D8BA}.Release|x86.Build.0 = Release|x86
		{6D91F0FE-C105-4F7B-914E-16B807D6D8BA}.Release|x86.Deploy.0 = Release|x86
		{80EC3503-E36E-4714-90F0-7E8A1DAB7221}.Debug|Any CPU.ActiveCfg = Debug|Any CPU
		{80EC3503-E36E-4714-90F0-7E8A1DAB7221}.Debug|Any CPU.Build.0 = Debug|Any CPU
		{80EC3503-E36E-4714-90F0-7E8A1DAB7221}.Debug|Any CPU.Deploy.0 = Debug|Any CPU
		{80EC3503-E36E-4714-90F0-7E8A1DAB7221}.Debug|ARM.ActiveCfg = Debug|Any CPU
		{80EC3503-E36E-4714-90F0-7E8A1DAB7221}.Debug|ARM.Build.0 = Debug|Any CPU
		{80EC3503-E36E-4714-90F0-7E8A1DAB7221}.Debug|ARM.Deploy.0 = Debug|Any CPU
		{80EC3503-E36E-4714-90F0-7E8A1DAB7221}.Debug|iPhone.ActiveCfg = Debug|Any CPU
		{80EC3503-E36E-4714-90F0-7E8A1DAB7221}.Debug|iPhone.Build.0 = Debug|Any CPU
		{80EC3503-E36E-4714-90F0-7E8A1DAB7221}.Debug|iPhone.Deploy.0 = Debug|Any CPU
		{80EC3503-E36E-4714-90F0-7E8A1DAB7221}.Debug|iPhoneSimulator.ActiveCfg = Debug|Any CPU
		{80EC3503-E36E-4714-90F0-7E8A1DAB7221}.Debug|iPhoneSimulator.Build.0 = Debug|Any CPU
		{80EC3503-E36E-4714-90F0-7E8A1DAB7221}.Debug|iPhoneSimulator.Deploy.0 = Debug|Any CPU
		{80EC3503-E36E-4714-90F0-7E8A1DAB7221}.Debug|x64.ActiveCfg = Debug|Any CPU
		{80EC3503-E36E-4714-90F0-7E8A1DAB7221}.Debug|x64.Build.0 = Debug|Any CPU
		{80EC3503-E36E-4714-90F0-7E8A1DAB7221}.Debug|x64.Deploy.0 = Debug|Any CPU
		{80EC3503-E36E-4714-90F0-7E8A1DAB7221}.Debug|x86.ActiveCfg = Debug|Any CPU
		{80EC3503-E36E-4714-90F0-7E8A1DAB7221}.Debug|x86.Build.0 = Debug|Any CPU
		{80EC3503-E36E-4714-90F0-7E8A1DAB7221}.Debug|x86.Deploy.0 = Debug|Any CPU
		{80EC3503-E36E-4714-90F0-7E8A1DAB7221}.Release|Any CPU.ActiveCfg = Release|Any CPU
		{80EC3503-E36E-4714-90F0-7E8A1DAB7221}.Release|Any CPU.Build.0 = Release|Any CPU
		{80EC3503-E36E-4714-90F0-7E8A1DAB7221}.Release|Any CPU.Deploy.0 = Release|Any CPU
		{80EC3503-E36E-4714-90F0-7E8A1DAB7221}.Release|ARM.ActiveCfg = Release|Any CPU
		{80EC3503-E36E-4714-90F0-7E8A1DAB7221}.Release|ARM.Build.0 = Release|Any CPU
		{80EC3503-E36E-4714-90F0-7E8A1DAB7221}.Release|ARM.Deploy.0 = Release|Any CPU
		{80EC3503-E36E-4714-90F0-7E8A1DAB7221}.Release|iPhone.ActiveCfg = Release|Any CPU
		{80EC3503-E36E-4714-90F0-7E8A1DAB7221}.Release|iPhone.Build.0 = Release|Any CPU
		{80EC3503-E36E-4714-90F0-7E8A1DAB7221}.Release|iPhone.Deploy.0 = Release|Any CPU
		{80EC3503-E36E-4714-90F0-7E8A1DAB7221}.Release|iPhoneSimulator.ActiveCfg = Release|Any CPU
		{80EC3503-E36E-4714-90F0-7E8A1DAB7221}.Release|iPhoneSimulator.Build.0 = Release|Any CPU
		{80EC3503-E36E-4714-90F0-7E8A1DAB7221}.Release|iPhoneSimulator.Deploy.0 = Release|Any CPU
		{80EC3503-E36E-4714-90F0-7E8A1DAB7221}.Release|x64.ActiveCfg = Release|Any CPU
		{80EC3503-E36E-4714-90F0-7E8A1DAB7221}.Release|x64.Build.0 = Release|Any CPU
		{80EC3503-E36E-4714-90F0-7E8A1DAB7221}.Release|x64.Deploy.0 = Release|Any CPU
		{80EC3503-E36E-4714-90F0-7E8A1DAB7221}.Release|x86.ActiveCfg = Release|Any CPU
		{80EC3503-E36E-4714-90F0-7E8A1DAB7221}.Release|x86.Build.0 = Release|Any CPU
		{80EC3503-E36E-4714-90F0-7E8A1DAB7221}.Release|x86.Deploy.0 = Release|Any CPU
		{D585AFD0-365A-40A0-ABA8-EA471C69CBFF}.Debug|Any CPU.ActiveCfg = Debug|iPhoneSimulator
		{D585AFD0-365A-40A0-ABA8-EA471C69CBFF}.Debug|Any CPU.Build.0 = Debug|iPhoneSimulator
		{D585AFD0-365A-40A0-ABA8-EA471C69CBFF}.Debug|Any CPU.Deploy.0 = Debug|iPhoneSimulator
		{D585AFD0-365A-40A0-ABA8-EA471C69CBFF}.Debug|ARM.ActiveCfg = Debug|iPhoneSimulator
		{D585AFD0-365A-40A0-ABA8-EA471C69CBFF}.Debug|ARM.Build.0 = Debug|iPhoneSimulator
		{D585AFD0-365A-40A0-ABA8-EA471C69CBFF}.Debug|ARM.Deploy.0 = Debug|iPhoneSimulator
		{D585AFD0-365A-40A0-ABA8-EA471C69CBFF}.Debug|iPhone.ActiveCfg = Debug|iPhone
		{D585AFD0-365A-40A0-ABA8-EA471C69CBFF}.Debug|iPhone.Build.0 = Debug|iPhone
		{D585AFD0-365A-40A0-ABA8-EA471C69CBFF}.Debug|iPhone.Deploy.0 = Debug|iPhone
		{D585AFD0-365A-40A0-ABA8-EA471C69CBFF}.Debug|iPhoneSimulator.ActiveCfg = Debug|iPhoneSimulator
		{D585AFD0-365A-40A0-ABA8-EA471C69CBFF}.Debug|iPhoneSimulator.Build.0 = Debug|iPhoneSimulator
		{D585AFD0-365A-40A0-ABA8-EA471C69CBFF}.Debug|iPhoneSimulator.Deploy.0 = Debug|iPhoneSimulator
		{D585AFD0-365A-40A0-ABA8-EA471C69CBFF}.Debug|x64.ActiveCfg = Debug|iPhone
		{D585AFD0-365A-40A0-ABA8-EA471C69CBFF}.Debug|x64.Build.0 = Debug|iPhone
		{D585AFD0-365A-40A0-ABA8-EA471C69CBFF}.Debug|x64.Deploy.0 = Debug|iPhone
		{D585AFD0-365A-40A0-ABA8-EA471C69CBFF}.Debug|x86.ActiveCfg = Debug|iPhoneSimulator
		{D585AFD0-365A-40A0-ABA8-EA471C69CBFF}.Debug|x86.Build.0 = Debug|iPhoneSimulator
		{D585AFD0-365A-40A0-ABA8-EA471C69CBFF}.Debug|x86.Deploy.0 = Debug|iPhoneSimulator
		{D585AFD0-365A-40A0-ABA8-EA471C69CBFF}.Release|Any CPU.ActiveCfg = Release|iPhoneSimulator
		{D585AFD0-365A-40A0-ABA8-EA471C69CBFF}.Release|Any CPU.Build.0 = Release|iPhoneSimulator
		{D585AFD0-365A-40A0-ABA8-EA471C69CBFF}.Release|Any CPU.Deploy.0 = Release|iPhoneSimulator
		{D585AFD0-365A-40A0-ABA8-EA471C69CBFF}.Release|ARM.ActiveCfg = Release|iPhoneSimulator
		{D585AFD0-365A-40A0-ABA8-EA471C69CBFF}.Release|ARM.Build.0 = Release|iPhoneSimulator
		{D585AFD0-365A-40A0-ABA8-EA471C69CBFF}.Release|ARM.Deploy.0 = Release|iPhoneSimulator
		{D585AFD0-365A-40A0-ABA8-EA471C69CBFF}.Release|iPhone.ActiveCfg = Release|iPhone
		{D585AFD0-365A-40A0-ABA8-EA471C69CBFF}.Release|iPhone.Build.0 = Release|iPhone
		{D585AFD0-365A-40A0-ABA8-EA471C69CBFF}.Release|iPhone.Deploy.0 = Release|iPhone
		{D585AFD0-365A-40A0-ABA8-EA471C69CBFF}.Release|iPhoneSimulator.ActiveCfg = Release|iPhoneSimulator
		{D585AFD0-365A-40A0-ABA8-EA471C69CBFF}.Release|iPhoneSimulator.Build.0 = Release|iPhoneSimulator
		{D585AFD0-365A-40A0-ABA8-EA471C69CBFF}.Release|iPhoneSimulator.Deploy.0 = Release|iPhoneSimulator
		{D585AFD0-365A-40A0-ABA8-EA471C69CBFF}.Release|x64.ActiveCfg = Release|iPhoneSimulator
		{D585AFD0-365A-40A0-ABA8-EA471C69CBFF}.Release|x64.Build.0 = Release|iPhoneSimulator
		{D585AFD0-365A-40A0-ABA8-EA471C69CBFF}.Release|x64.Deploy.0 = Release|iPhoneSimulator
		{D585AFD0-365A-40A0-ABA8-EA471C69CBFF}.Release|x86.ActiveCfg = Release|iPhoneSimulator
		{D585AFD0-365A-40A0-ABA8-EA471C69CBFF}.Release|x86.Build.0 = Release|iPhoneSimulator
		{D585AFD0-365A-40A0-ABA8-EA471C69CBFF}.Release|x86.Deploy.0 = Release|iPhoneSimulator
		{9960A240-CC3F-4972-A662-EEFB86362DFD}.Debug|Any CPU.ActiveCfg = Debug|Any CPU
		{9960A240-CC3F-4972-A662-EEFB86362DFD}.Debug|Any CPU.Build.0 = Debug|Any CPU
		{9960A240-CC3F-4972-A662-EEFB86362DFD}.Debug|Any CPU.Deploy.0 = Debug|Any CPU
		{9960A240-CC3F-4972-A662-EEFB86362DFD}.Debug|ARM.ActiveCfg = Debug|Any CPU
		{9960A240-CC3F-4972-A662-EEFB86362DFD}.Debug|ARM.Build.0 = Debug|Any CPU
		{9960A240-CC3F-4972-A662-EEFB86362DFD}.Debug|ARM.Deploy.0 = Debug|Any CPU
		{9960A240-CC3F-4972-A662-EEFB86362DFD}.Debug|iPhone.ActiveCfg = Debug|Any CPU
		{9960A240-CC3F-4972-A662-EEFB86362DFD}.Debug|iPhone.Build.0 = Debug|Any CPU
		{9960A240-CC3F-4972-A662-EEFB86362DFD}.Debug|iPhone.Deploy.0 = Debug|Any CPU
		{9960A240-CC3F-4972-A662-EEFB86362DFD}.Debug|iPhoneSimulator.ActiveCfg = Debug|Any CPU
		{9960A240-CC3F-4972-A662-EEFB86362DFD}.Debug|iPhoneSimulator.Build.0 = Debug|Any CPU
		{9960A240-CC3F-4972-A662-EEFB86362DFD}.Debug|iPhoneSimulator.Deploy.0 = Debug|Any CPU
		{9960A240-CC3F-4972-A662-EEFB86362DFD}.Debug|x64.ActiveCfg = Debug|Any CPU
		{9960A240-CC3F-4972-A662-EEFB86362DFD}.Debug|x64.Build.0 = Debug|Any CPU
		{9960A240-CC3F-4972-A662-EEFB86362DFD}.Debug|x64.Deploy.0 = Debug|Any CPU
		{9960A240-CC3F-4972-A662-EEFB86362DFD}.Debug|x86.ActiveCfg = Debug|Any CPU
		{9960A240-CC3F-4972-A662-EEFB86362DFD}.Debug|x86.Build.0 = Debug|Any CPU
		{9960A240-CC3F-4972-A662-EEFB86362DFD}.Debug|x86.Deploy.0 = Debug|Any CPU
		{9960A240-CC3F-4972-A662-EEFB86362DFD}.Release|Any CPU.ActiveCfg = Release|Any CPU
		{9960A240-CC3F-4972-A662-EEFB86362DFD}.Release|Any CPU.Build.0 = Release|Any CPU
		{9960A240-CC3F-4972-A662-EEFB86362DFD}.Release|Any CPU.Deploy.0 = Release|Any CPU
		{9960A240-CC3F-4972-A662-EEFB86362DFD}.Release|ARM.ActiveCfg = Release|Any CPU
		{9960A240-CC3F-4972-A662-EEFB86362DFD}.Release|ARM.Build.0 = Release|Any CPU
		{9960A240-CC3F-4972-A662-EEFB86362DFD}.Release|ARM.Deploy.0 = Release|Any CPU
		{9960A240-CC3F-4972-A662-EEFB86362DFD}.Release|iPhone.ActiveCfg = Release|Any CPU
		{9960A240-CC3F-4972-A662-EEFB86362DFD}.Release|iPhone.Build.0 = Release|Any CPU
		{9960A240-CC3F-4972-A662-EEFB86362DFD}.Release|iPhone.Deploy.0 = Release|Any CPU
		{9960A240-CC3F-4972-A662-EEFB86362DFD}.Release|iPhoneSimulator.ActiveCfg = Release|Any CPU
		{9960A240-CC3F-4972-A662-EEFB86362DFD}.Release|iPhoneSimulator.Build.0 = Release|Any CPU
		{9960A240-CC3F-4972-A662-EEFB86362DFD}.Release|iPhoneSimulator.Deploy.0 = Release|Any CPU
		{9960A240-CC3F-4972-A662-EEFB86362DFD}.Release|x64.ActiveCfg = Release|Any CPU
		{9960A240-CC3F-4972-A662-EEFB86362DFD}.Release|x64.Build.0 = Release|Any CPU
		{9960A240-CC3F-4972-A662-EEFB86362DFD}.Release|x64.Deploy.0 = Release|Any CPU
		{9960A240-CC3F-4972-A662-EEFB86362DFD}.Release|x86.ActiveCfg = Release|Any CPU
		{9960A240-CC3F-4972-A662-EEFB86362DFD}.Release|x86.Build.0 = Release|Any CPU
		{9960A240-CC3F-4972-A662-EEFB86362DFD}.Release|x86.Deploy.0 = Release|Any CPU
	EndGlobalSection
	GlobalSection(SolutionProperties) = preSolution
		HideSolutionNode = FALSE
	EndGlobalSection
	GlobalSection(ExtensibilityGlobals) = postSolution
		SolutionGuid = {B15B7DD2-1DBE-4DAE-9A53-CAF30B553625}
	EndGlobalSection
EndGlobal
